
Microsoft Visual Studio Solution File, Format Version 12.00
# Visual Studio Version 16
VisualStudioVersion = 16.0.32802.440
MinimumVisualStudioVersion = 10.0.40219.1
Project("{FAE04EC0-301F-11D3-BF4B-00C04F79EFBC}") = "API-Clinica", "API-Clinica\API-Clinica.csproj", "{2F111FC7-9485-4441-8525-850B1292F3F2}"
EndProject
Global
	GlobalSection(SolutionConfigurationPlatforms) = preSolution
		Debug|Any CPU = Debug|Any CPU
		Release|Any CPU = Release|Any CPU
	EndGlobalSection
	GlobalSection(ProjectConfigurationPlatforms) = postSolution
		{2F111FC7-9485-4441-8525-850B1292F3F2}.Debug|Any CPU.ActiveCfg = Debug|Any CPU
		{2F111FC7-9485-4441-8525-850B1292F3F2}.Debug|Any CPU.Build.0 = Debug|Any CPU
		{2F111FC7-9485-4441-8525-850B1292F3F2}.Release|Any CPU.ActiveCfg = Release|Any CPU
		{2F111FC7-9485-4441-8525-850B1292F3F2}.Release|Any CPU.Build.0 = Release|Any CPU
	EndGlobalSection
	GlobalSection(SolutionProperties) = preSolution
		HideSolutionNode = FALSE
	EndGlobalSection
	GlobalSection(ExtensibilityGlobals) = postSolution
		SolutionGuid = {49F91864-B389-48F5-991C-3F2C751C19C1}
	EndGlobalSection
EndGlobal
